
Microsoft Visual Studio Solution File, Format Version 12.00
# Visual Studio Version 17
VisualStudioVersion = 17.3.32901.215
MinimumVisualStudioVersion = 10.0.40219.1
Project("{FAE04EC0-301F-11D3-BF4B-00C04F79EFBC}") = "task1", "task1.csproj", "{BA681A35-B750-460E-919E-AC05190FDAAC}"
EndProject
Global
	GlobalSection(SolutionConfigurationPlatforms) = preSolution
		Debug|Any CPU = Debug|Any CPU
		Release|Any CPU = Release|Any CPU
	EndGlobalSection
	GlobalSection(ProjectConfigurationPlatforms) = postSolution
		{BA681A35-B750-460E-919E-AC05190FDAAC}.Debug|Any CPU.ActiveCfg = Debug|Any CPU
		{BA681A35-B750-460E-919E-AC05190FDAAC}.Debug|Any CPU.Build.0 = Debug|Any CPU
		{BA681A35-B750-460E-919E-AC05190FDAAC}.Release|Any CPU.ActiveCfg = Release|Any CPU
		{BA681A35-B750-460E-919E-AC05190FDAAC}.Release|Any CPU.Build.0 = Release|Any CPU
	EndGlobalSection
	GlobalSection(SolutionProperties) = preSolution
		HideSolutionNode = FALSE
	EndGlobalSection
	GlobalSection(ExtensibilityGlobals) = postSolution
		SolutionGuid = {0396923A-A02A-447C-AB9B-B62D17022916}
	EndGlobalSection
EndGlobal
