
Microsoft Visual Studio Solution File, Format Version 12.00
# Visual Studio Version 17
VisualStudioVersion = 17.3.32901.215
MinimumVisualStudioVersion = 10.0.40219.1
Project("{FAE04EC0-301F-11D3-BF4B-00C04F79EFBC}") = "_253505_Антихович", "_253505_Антихович.csproj", "{BB695A3A-6F29-4B1E-B9BF-F02D5B6BBC6D}"
EndProject
Global
	GlobalSection(SolutionConfigurationPlatforms) = preSolution
		Debug|Any CPU = Debug|Any CPU
		Release|Any CPU = Release|Any CPU
	EndGlobalSection
	GlobalSection(ProjectConfigurationPlatforms) = postSolution
		{BB695A3A-6F29-4B1E-B9BF-F02D5B6BBC6D}.Debug|Any CPU.ActiveCfg = Debug|Any CPU
		{BB695A3A-6F29-4B1E-B9BF-F02D5B6BBC6D}.Debug|Any CPU.Build.0 = Debug|Any CPU
		{BB695A3A-6F29-4B1E-B9BF-F02D5B6BBC6D}.Release|Any CPU.ActiveCfg = Release|Any CPU
		{BB695A3A-6F29-4B1E-B9BF-F02D5B6BBC6D}.Release|Any CPU.Build.0 = Release|Any CPU
	EndGlobalSection
	GlobalSection(SolutionProperties) = preSolution
		HideSolutionNode = FALSE
	EndGlobalSection
	GlobalSection(ExtensibilityGlobals) = postSolution
		SolutionGuid = {0F5368C3-B5A2-4834-84B3-8A92C04A6BA1}
	EndGlobalSection
EndGlobal
