
Microsoft Visual Studio Solution File, Format Version 12.00
# Visual Studio Version 17
VisualStudioVersion = 17.3.32901.215
MinimumVisualStudioVersion = 10.0.40219.1
Project("{FAE04EC0-301F-11D3-BF4B-00C04F79EFBC}") = "Lab4", "Lab4.csproj", "{25E0AC1E-800B-4785-8041-CA1D8CCF544F}"
EndProject
Global
	GlobalSection(SolutionConfigurationPlatforms) = preSolution
		Debug|Any CPU = Debug|Any CPU
		Release|Any CPU = Release|Any CPU
	EndGlobalSection
	GlobalSection(ProjectConfigurationPlatforms) = postSolution
		{25E0AC1E-800B-4785-8041-CA1D8CCF544F}.Debug|Any CPU.ActiveCfg = Debug|Any CPU
		{25E0AC1E-800B-4785-8041-CA1D8CCF544F}.Debug|Any CPU.Build.0 = Debug|Any CPU
		{25E0AC1E-800B-4785-8041-CA1D8CCF544F}.Release|Any CPU.ActiveCfg = Release|Any CPU
		{25E0AC1E-800B-4785-8041-CA1D8CCF544F}.Release|Any CPU.Build.0 = Release|Any CPU
	EndGlobalSection
	GlobalSection(SolutionProperties) = preSolution
		HideSolutionNode = FALSE
	EndGlobalSection
	GlobalSection(ExtensibilityGlobals) = postSolution
		SolutionGuid = {D1BD9268-EAE3-4C86-A11A-B3540681860E}
	EndGlobalSection
EndGlobal
